
Microsoft Visual Studio Solution File, Format Version 12.00
# Visual Studio 2013
VisualStudioVersion = 12.0.30110.0
MinimumVisualStudioVersion = 10.0.40219.1
Project("{FAE04EC0-301F-11D3-BF4B-00C04F79EFBC}") = "WebConfigTool", "WebConfigTool\WebConfigTool.csproj", "{0384F616-FC76-44BA-BEA9-011A7361521A}"
EndProject
Project("{FAE04EC0-301F-11D3-BF4B-00C04F79EFBC}") = "ExampleWebApplication", "ExampleWebApplication\ExampleWebApplication.csproj", "{DDC4B61F-8584-46A4-BFE7-837F92757BF2}"
EndProject
Project("{FAE04EC0-301F-11D3-BF4B-00C04F79EFBC}") = "WebAppData", "WebAppData\WebAppData.csproj", "{61D82476-35EA-4E66-94D1-06176B55ADA3}"
EndProject
Project("{FAE04EC0-301F-11D3-BF4B-00C04F79EFBC}") = "UnitTestProject1", "UnitTestProject1\UnitTestProject1.csproj", "{1F87DF49-983F-48BC-9C0F-0169D9F2456D}"
EndProject
Global
	GlobalSection(SolutionConfigurationPlatforms) = preSolution
		Debug|Any CPU = Debug|Any CPU
		Release|Any CPU = Release|Any CPU
	EndGlobalSection
	GlobalSection(ProjectConfigurationPlatforms) = postSolution
		{0384F616-FC76-44BA-BEA9-011A7361521A}.Debug|Any CPU.ActiveCfg = Debug|Any CPU
		{0384F616-FC76-44BA-BEA9-011A7361521A}.Debug|Any CPU.Build.0 = Debug|Any CPU
		{0384F616-FC76-44BA-BEA9-011A7361521A}.Release|Any CPU.ActiveCfg = Release|Any CPU
		{0384F616-FC76-44BA-BEA9-011A7361521A}.Release|Any CPU.Build.0 = Release|Any CPU
		{DDC4B61F-8584-46A4-BFE7-837F92757BF2}.Debug|Any CPU.ActiveCfg = Debug|Any CPU
		{DDC4B61F-8584-46A4-BFE7-837F92757BF2}.Debug|Any CPU.Build.0 = Debug|Any CPU
		{DDC4B61F-8584-46A4-BFE7-837F92757BF2}.Release|Any CPU.ActiveCfg = Release|Any CPU
		{DDC4B61F-8584-46A4-BFE7-837F92757BF2}.Release|Any CPU.Build.0 = Release|Any CPU
		{61D82476-35EA-4E66-94D1-06176B55ADA3}.Debug|Any CPU.ActiveCfg = Debug|Any CPU
		{61D82476-35EA-4E66-94D1-06176B55ADA3}.Debug|Any CPU.Build.0 = Debug|Any CPU
		{61D82476-35EA-4E66-94D1-06176B55ADA3}.Release|Any CPU.ActiveCfg = Release|Any CPU
		{61D82476-35EA-4E66-94D1-06176B55ADA3}.Release|Any CPU.Build.0 = Release|Any CPU
		{1F87DF49-983F-48BC-9C0F-0169D9F2456D}.Debug|Any CPU.ActiveCfg = Debug|Any CPU
		{1F87DF49-983F-48BC-9C0F-0169D9F2456D}.Debug|Any CPU.Build.0 = Debug|Any CPU
		{1F87DF49-983F-48BC-9C0F-0169D9F2456D}.Release|Any CPU.ActiveCfg = Release|Any CPU
		{1F87DF49-983F-48BC-9C0F-0169D9F2456D}.Release|Any CPU.Build.0 = Release|Any CPU
	EndGlobalSection
	GlobalSection(SolutionProperties) = preSolution
		HideSolutionNode = FALSE
	EndGlobalSection
EndGlobal
